
Microsoft Visual Studio Solution File, Format Version 12.00
# Visual Studio Version 16
VisualStudioVersion = 16.0.34601.136
MinimumVisualStudioVersion = 10.0.40219.1
Project("{FAE04EC0-301F-11D3-BF4B-00C04F79EFBC}") = "01. Passion Days", "01. Passion Days\01. Passion Days.csproj", "{0CD69F3D-FB4A-476B-9F3F-2296C7310A46}"
EndProject
Project("{FAE04EC0-301F-11D3-BF4B-00C04F79EFBC}") = "02. X Expression", "02. X Expression\02. X Expression.csproj", "{7EBC1FED-F375-40F4-B3BD-62028CF70B9F}"
EndProject
Project("{FAE04EC0-301F-11D3-BF4B-00C04F79EFBC}") = "02. X Expression using Console.Read", "02. X Expression using Console.Read\02. X Expression using Console.Read.csproj", "{51BF821E-E6A6-4A5F-80C1-DF38796A26F3}"
EndProject
Project("{FAE04EC0-301F-11D3-BF4B-00C04F79EFBC}") = "03. Bulls and Cows", "03. Bulls and Cows\03. Bulls and Cows.csproj", "{D10F610D-CE68-44B1-8FF3-60592DC02C04}"
EndProject
Global
	GlobalSection(SolutionConfigurationPlatforms) = preSolution
		Debug|Any CPU = Debug|Any CPU
		Release|Any CPU = Release|Any CPU
	EndGlobalSection
	GlobalSection(ProjectConfigurationPlatforms) = postSolution
		{0CD69F3D-FB4A-476B-9F3F-2296C7310A46}.Debug|Any CPU.ActiveCfg = Debug|Any CPU
		{0CD69F3D-FB4A-476B-9F3F-2296C7310A46}.Debug|Any CPU.Build.0 = Debug|Any CPU
		{0CD69F3D-FB4A-476B-9F3F-2296C7310A46}.Release|Any CPU.ActiveCfg = Release|Any CPU
		{0CD69F3D-FB4A-476B-9F3F-2296C7310A46}.Release|Any CPU.Build.0 = Release|Any CPU
		{7EBC1FED-F375-40F4-B3BD-62028CF70B9F}.Debug|Any CPU.ActiveCfg = Debug|Any CPU
		{7EBC1FED-F375-40F4-B3BD-62028CF70B9F}.Debug|Any CPU.Build.0 = Debug|Any CPU
		{7EBC1FED-F375-40F4-B3BD-62028CF70B9F}.Release|Any CPU.ActiveCfg = Release|Any CPU
		{7EBC1FED-F375-40F4-B3BD-62028CF70B9F}.Release|Any CPU.Build.0 = Release|Any CPU
		{51BF821E-E6A6-4A5F-80C1-DF38796A26F3}.Debug|Any CPU.ActiveCfg = Debug|Any CPU
		{51BF821E-E6A6-4A5F-80C1-DF38796A26F3}.Debug|Any CPU.Build.0 = Debug|Any CPU
		{51BF821E-E6A6-4A5F-80C1-DF38796A26F3}.Release|Any CPU.ActiveCfg = Release|Any CPU
		{51BF821E-E6A6-4A5F-80C1-DF38796A26F3}.Release|Any CPU.Build.0 = Release|Any CPU
		{D10F610D-CE68-44B1-8FF3-60592DC02C04}.Debug|Any CPU.ActiveCfg = Debug|Any CPU
		{D10F610D-CE68-44B1-8FF3-60592DC02C04}.Debug|Any CPU.Build.0 = Debug|Any CPU
		{D10F610D-CE68-44B1-8FF3-60592DC02C04}.Release|Any CPU.ActiveCfg = Release|Any CPU
		{D10F610D-CE68-44B1-8FF3-60592DC02C04}.Release|Any CPU.Build.0 = Release|Any CPU
	EndGlobalSection
	GlobalSection(SolutionProperties) = preSolution
		HideSolutionNode = FALSE
	EndGlobalSection
	GlobalSection(ExtensibilityGlobals) = postSolution
		SolutionGuid = {BC4A0DE0-9231-4B44-9AA3-735869D7E103}
	EndGlobalSection
EndGlobal
